
Microsoft Visual Studio Solution File, Format Version 12.00
# Visual Studio Version 17
VisualStudioVersion = 17.12.35527.113
MinimumVisualStudioVersion = 10.0.40219.1
Project("{FAE04EC0-301F-11D3-BF4B-00C04F79EFBC}") = "SayaxTask.Api", "SayaxTask.Api\SayaxTask.Api.csproj", "{AF44B7DD-0DC5-4E32-9C00-54A340E03D5C}"
EndProject
Project("{FAE04EC0-301F-11D3-BF4B-00C04F79EFBC}") = "SayaxTask.Business", "SayaxTask.Business\SayaxTask.Business.csproj", "{C46D508B-32F8-4183-8547-17817A7E4A4D}"
EndProject
Project("{FAE04EC0-301F-11D3-BF4B-00C04F79EFBC}") = "SayaxTask.Test", "SayaxTask.Test\SayaxTask.Test.csproj", "{EEBF3EAB-8358-41E9-BA2D-3B1C9D438E2A}"
EndProject
Global
	GlobalSection(SolutionConfigurationPlatforms) = preSolution
		Debug|Any CPU = Debug|Any CPU
		Release|Any CPU = Release|Any CPU
	EndGlobalSection
	GlobalSection(ProjectConfigurationPlatforms) = postSolution
		{AF44B7DD-0DC5-4E32-9C00-54A340E03D5C}.Debug|Any CPU.ActiveCfg = Debug|Any CPU
		{AF44B7DD-0DC5-4E32-9C00-54A340E03D5C}.Debug|Any CPU.Build.0 = Debug|Any CPU
		{AF44B7DD-0DC5-4E32-9C00-54A340E03D5C}.Release|Any CPU.ActiveCfg = Release|Any CPU
		{AF44B7DD-0DC5-4E32-9C00-54A340E03D5C}.Release|Any CPU.Build.0 = Release|Any CPU
		{C46D508B-32F8-4183-8547-17817A7E4A4D}.Debug|Any CPU.ActiveCfg = Debug|Any CPU
		{C46D508B-32F8-4183-8547-17817A7E4A4D}.Debug|Any CPU.Build.0 = Debug|Any CPU
		{C46D508B-32F8-4183-8547-17817A7E4A4D}.Release|Any CPU.ActiveCfg = Release|Any CPU
		{C46D508B-32F8-4183-8547-17817A7E4A4D}.Release|Any CPU.Build.0 = Release|Any CPU
		{EEBF3EAB-8358-41E9-BA2D-3B1C9D438E2A}.Debug|Any CPU.ActiveCfg = Debug|Any CPU
		{EEBF3EAB-8358-41E9-BA2D-3B1C9D438E2A}.Debug|Any CPU.Build.0 = Debug|Any CPU
		{EEBF3EAB-8358-41E9-BA2D-3B1C9D438E2A}.Release|Any CPU.ActiveCfg = Release|Any CPU
		{EEBF3EAB-8358-41E9-BA2D-3B1C9D438E2A}.Release|Any CPU.Build.0 = Release|Any CPU
	EndGlobalSection
	GlobalSection(SolutionProperties) = preSolution
		HideSolutionNode = FALSE
	EndGlobalSection
EndGlobal
